
Microsoft Visual Studio Solution File, Format Version 12.00
# Visual Studio Version 17
VisualStudioVersion = 17.14.36327.8 d17.14
MinimumVisualStudioVersion = 10.0.40219.1
Project("{FAE04EC0-301F-11D3-BF4B-00C04F79EFBC}") = "IntelXeonProcessors.Console", "IntelXeonProcessors.Console\IntelXeonProcessors.Console.csproj", "{7239679F-FE48-4265-A7F3-4EB865283C6D}"
EndProject
Project("{FAE04EC0-301F-11D3-BF4B-00C04F79EFBC}") = "Domain", "Domain\Domain.csproj", "{3AA1BB41-D324-4AB6-93E0-D0DED6A8DE14}"
EndProject
Project("{FAE04EC0-301F-11D3-BF4B-00C04F79EFBC}") = "Application", "Application\Application.csproj", "{8D3639B4-1D81-43F4-A577-F365D56CFDE0}"
EndProject
Project("{FAE04EC0-301F-11D3-BF4B-00C04F79EFBC}") = "Infrastructure", "Infrastructure\Infrastructure.csproj", "{CC5D2B69-56C1-4360-B45D-52F6F1B23454}"
EndProject
Global
	GlobalSection(SolutionConfigurationPlatforms) = preSolution
		Debug|Any CPU = Debug|Any CPU
		Release|Any CPU = Release|Any CPU
	EndGlobalSection
	GlobalSection(ProjectConfigurationPlatforms) = postSolution
		{7239679F-FE48-4265-A7F3-4EB865283C6D}.Debug|Any CPU.ActiveCfg = Debug|Any CPU
		{7239679F-FE48-4265-A7F3-4EB865283C6D}.Debug|Any CPU.Build.0 = Debug|Any CPU
		{7239679F-FE48-4265-A7F3-4EB865283C6D}.Release|Any CPU.ActiveCfg = Release|Any CPU
		{7239679F-FE48-4265-A7F3-4EB865283C6D}.Release|Any CPU.Build.0 = Release|Any CPU
		{3AA1BB41-D324-4AB6-93E0-D0DED6A8DE14}.Debug|Any CPU.ActiveCfg = Debug|Any CPU
		{3AA1BB41-D324-4AB6-93E0-D0DED6A8DE14}.Debug|Any CPU.Build.0 = Debug|Any CPU
		{3AA1BB41-D324-4AB6-93E0-D0DED6A8DE14}.Release|Any CPU.ActiveCfg = Release|Any CPU
		{3AA1BB41-D324-4AB6-93E0-D0DED6A8DE14}.Release|Any CPU.Build.0 = Release|Any CPU
		{8D3639B4-1D81-43F4-A577-F365D56CFDE0}.Debug|Any CPU.ActiveCfg = Debug|Any CPU
		{8D3639B4-1D81-43F4-A577-F365D56CFDE0}.Debug|Any CPU.Build.0 = Debug|Any CPU
		{8D3639B4-1D81-43F4-A577-F365D56CFDE0}.Release|Any CPU.ActiveCfg = Release|Any CPU
		{8D3639B4-1D81-43F4-A577-F365D56CFDE0}.Release|Any CPU.Build.0 = Release|Any CPU
		{CC5D2B69-56C1-4360-B45D-52F6F1B23454}.Debug|Any CPU.ActiveCfg = Debug|Any CPU
		{CC5D2B69-56C1-4360-B45D-52F6F1B23454}.Debug|Any CPU.Build.0 = Debug|Any CPU
		{CC5D2B69-56C1-4360-B45D-52F6F1B23454}.Release|Any CPU.ActiveCfg = Release|Any CPU
		{CC5D2B69-56C1-4360-B45D-52F6F1B23454}.Release|Any CPU.Build.0 = Release|Any CPU
	EndGlobalSection
	GlobalSection(SolutionProperties) = preSolution
		HideSolutionNode = FALSE
	EndGlobalSection
	GlobalSection(ExtensibilityGlobals) = postSolution
		SolutionGuid = {73D1B3B6-38D9-4B7B-8B09-C339702C71B0}
	EndGlobalSection
EndGlobal
